
Microsoft Visual Studio Solution File, Format Version 12.00
# Visual Studio 15
VisualStudioVersion = 15.0.28307.1972
MinimumVisualStudioVersion = 10.0.40219.1
Project("{F184B08F-C81C-45F6-A57F-5ABD9991F28F}") = "kullanıcı giris", "kullanıcı giris\kullanıcı giris.vbproj", "{24F48C46-62E4-441E-8BA8-9E94BEE6AA74}"
EndProject
Global
	GlobalSection(SolutionConfigurationPlatforms) = preSolution
		Debug|Any CPU = Debug|Any CPU
		Release|Any CPU = Release|Any CPU
	EndGlobalSection
	GlobalSection(ProjectConfigurationPlatforms) = postSolution
		{24F48C46-62E4-441E-8BA8-9E94BEE6AA74}.Debug|Any CPU.ActiveCfg = Debug|Any CPU
		{24F48C46-62E4-441E-8BA8-9E94BEE6AA74}.Debug|Any CPU.Build.0 = Debug|Any CPU
		{24F48C46-62E4-441E-8BA8-9E94BEE6AA74}.Release|Any CPU.ActiveCfg = Release|Any CPU
		{24F48C46-62E4-441E-8BA8-9E94BEE6AA74}.Release|Any CPU.Build.0 = Release|Any CPU
	EndGlobalSection
	GlobalSection(SolutionProperties) = preSolution
		HideSolutionNode = FALSE
	EndGlobalSection
	GlobalSection(ExtensibilityGlobals) = postSolution
		SolutionGuid = {5F295E64-AFC3-47FD-9252-B540CD4CDEE4}
	EndGlobalSection
EndGlobal
